lockfileVersion: '9.0'

settings:
  autoInstallPeers: true
  excludeLinksFromLockfile: false

importers:

  .:
    dependencies:
      '@noble/hashes':
        specifier: 2.2.0
        version: 2.2.0
      onnxruntime-node:
        specifier: 1.27.0
        version: 1.27.0
    devDependencies:
      '@types/node':
        specifier: ^24.0.0
        version: 24.13.2
      typescript:
        specifier: ^5.8.3
        version: 5.9.3
      vitest:
        specifier: ^3.2.4
        version: 3.2.6(@types/node@24.13.2)

packages:

  '@esbuild/aix-ppc64@0.28.1':
    resolution: {integrity: sha1-egGo0uwvuy2seK2tCbD6eB5Agr4=, tarball: https://ms-feed-25.pkgs.visualstudio.com/1es-public/_packaging/npm-public/npm/registry/@esbuild/aix-ppc64/-/aix-ppc64-0.28.1.tgz}
    engines: {node: '>=18'}
    cpu: [ppc64]
    os: [aix]

  '@esbuild/android-arm64@0.28.1':
    resolution: {integrity: sha1-tUCifRTkr9BYSWpNvsTT9BTbEQo=, tarball: https://ms-feed-12.pkgs.visualstudio.com/1es-public/_packaging/npm-public/npm/registry/@esbuild/android-arm64/-/android-arm64-0.28.1.tgz}
    engines: {node: '>=18'}
    cpu: [arm64]
    os: [android]

  '@esbuild/android-arm@0.28.1':
    resolution: {integrity: sha1-cEvSl95tdi3lTqu+r79V9nVqvi8=, tarball: https://ms-feed-12.pkgs.visualstudio.com/1es-public/_packaging/npm-public/npm/registry/@esbuild/android-arm/-/android-arm-0.28.1.tgz}
    engines: {node: '>=18'}
    cpu: [arm]
    os: [android]

  '@esbuild/android-x64@0.28.1':
    resolution: {integrity: sha1-0csWbTSw+/D+irRgpVlPJKN4cB4=, tarball: https://ms-feed-2.pkgs.visualstudio.com/1es-public/_packaging/npm-public/npm/registry/@esbuild/android-x64/-/android-x64-0.28.1.tgz}
    engines: {node: '>=18'}
    cpu: [x64]
    os: [android]

  '@esbuild/darwin-arm64@0.28.1':
    resolution: {integrity: sha1-EDSyZFf8iGNo/mG70J9lP2r6jlQ=, tarball: https://ms-feed-25.pkgs.visualstudio.com/1es-public/_packaging/npm-public/npm/registry/@esbuild/darwin-arm64/-/darwin-arm64-0.28.1.tgz}
    engines: {node: '>=18'}
    cpu: [arm64]
    os: [darwin]

  '@esbuild/darwin-x64@0.28.1':
    resolution: {integrity: sha1-ZVVqQyoeTXIDLYIYwZMvzKGkl3I=, tarball: https://ms-feed-25.pkgs.visualstudio.com/1es-public/_packaging/npm-public/npm/registry/@esbuild/darwin-x64/-/darwin-x64-0.28.1.tgz}
    engines: {node: '>=18'}
    cpu: [x64]
    os: [darwin]

  '@esbuild/freebsd-arm64@0.28.1':
    resolution: {integrity: sha1-LmHgWS+QMNfj2uGO4l68U1kYrvY=, tarball: https://ms-feed-25.pkgs.visualstudio.com/1es-public/_packaging/npm-public/npm/registry/@esbuild/freebsd-arm64/-/freebsd-arm64-0.28.1.tgz}
    engines: {node: '>=18'}
    cpu: [arm64]
    os: [freebsd]

  '@esbuild/freebsd-x64@0.28.1':
    resolution: {integrity: sha1-yV7CiZWe+AecTcqBeh4sS+Zrm9M=, tarball: https://ms-feed-25.pkgs.visualstudio.com/1es-public/_packaging/npm-public/npm/registry/@esbuild/freebsd-x64/-/freebsd-x64-0.28.1.tgz}
    engines: {node: '>=18'}
    cpu: [x64]
    os: [freebsd]

  '@esbuild/linux-arm64@0.28.1':
    resolution: {integrity: sha1-QLIhdd2gYYLz7oFBGGxf8wTEpxc=, tarball: https://ms-feed-2.pkgs.visualstudio.com/1es-public/_packaging/npm-public/npm/registry/@esbuild/linux-arm64/-/linux-arm64-0.28.1.tgz}
    engines: {node: '>=18'}
    cpu: [arm64]
    os: [linux]

  '@esbuild/linux-arm@0.28.1':
    resolution: {integrity: sha1-wJoPZ5F1kqwN6JKpvk04FN69Kmw=, tarball: https://ms-feed-25.pkgs.visualstudio.com/1es-public/_packaging/npm-public/npm/registry/@esbuild/linux-arm/-/linux-arm-0.28.1.tgz}
    engines: {node: '>=18'}
    cpu: [arm]
    os: [linux]

  '@esbuild/linux-ia32@0.28.1':
    resolution: {integrity: sha1-pYD5xnZ5eDOJHlGfx6EzfIr9jbM=, tarball: https://ms-feed-25.pkgs.visualstudio.com/1es-public/_packaging/npm-public/npm/registry/@esbuild/linux-ia32/-/linux-ia32-0.28.1.tgz}
    engines: {node: '>=18'}
    cpu: [ia32]
    os: [linux]

  '@esbuild/linux-loong64@0.28.1':
    resolution: {integrity: sha1-RkUs8yHcf56Rwvp4Cla7Vuec1os=, tarball: https://ms-feed-25.pkgs.visualstudio.com/1es-public/_packaging/npm-public/npm/registry/@esbuild/linux-loong64/-/linux-loong64-0.28.1.tgz}
    engines: {node: '>=18'}
    cpu: [loong64]
    os: [linux]

  '@esbuild/linux-mips64el@0.28.1':
    resolution: {integrity: sha1-QhGzGE3WYI9T3LIuOfXTTuCIUsg=, tarball: https://ms-feed-25.pkgs.visualstudio.com/1es-public/_packaging/npm-public/npm/registry/@esbuild/linux-mips64el/-/linux-mips64el-0.28.1.tgz}
    engines: {node: '>=18'}
    cpu: [mips64el]
    os: [linux]

  '@esbuild/linux-ppc64@0.28.1':
    resolution: {integrity: sha1-aXhXwqYcubC2u2ZS5AwdxeHKjl0=, tarball: https://ms-feed-25.pkgs.visualstudio.com/1es-public/_packaging/npm-public/npm/registry/@esbuild/linux-ppc64/-/linux-ppc64-0.28.1.tgz}
    engines: {node: '>=18'}
    cpu: [ppc64]
    os: [linux]

  '@esbuild/linux-riscv64@0.28.1':
    resolution: {integrity: sha1-0ZKUPrFGpArExkl9DPe+NbmGvwg=, tarball: https://ms-feed-25.pkgs.visualstudio.com/1es-public/_packaging/npm-public/npm/registry/@esbuild/linux-riscv64/-/linux-riscv64-0.28.1.tgz}
    engines: {node: '>=18'}
    cpu: [riscv64]
    os: [linux]

  '@esbuild/linux-s390x@0.28.1':
    resolution: {integrity: sha1-rOoDVtoODrwI+Xz3ucLkAeHmSNw=, tarball: https://ms-feed-2.pkgs.visualstudio.com/1es-public/_packaging/npm-public/npm/registry/@esbuild/linux-s390x/-/linux-s390x-0.28.1.tgz}
    engines: {node: '>=18'}
    cpu: [s390x]
    os: [linux]

  '@esbuild/linux-x64@0.28.1':
    resolution: {integrity: sha1-bww84MtkxTS3DExF7LLBbTTjXf0=, tarball: https://ms-feed-2.pkgs.visualstudio.com/1es-public/_packaging/npm-public/npm/registry/@esbuild/linux-x64/-/linux-x64-0.28.1.tgz}
    engines: {node: '>=18'}
    cpu: [x64]
    os: [linux]

  '@esbuild/netbsd-arm64@0.28.1':
    resolution: {integrity: sha1-i813B3oNzjN4tXT+2ybSolO3PTY=, tarball: https://ms-feed-2.pkgs.visualstudio.com/1es-public/_packaging/npm-public/npm/registry/@esbuild/netbsd-arm64/-/netbsd-arm64-0.28.1.tgz}
    engines: {node: '>=18'}
    cpu: [arm64]
    os: [netbsd]

  '@esbuild/netbsd-x64@0.28.1':
    resolution: {integrity: sha1-5/sqAemcgwyU5mI82f77TI+1g0c=, tarball: https://ms-feed-25.pkgs.visualstudio.com/1es-public/_packaging/npm-public/npm/registry/@esbuild/netbsd-x64/-/netbsd-x64-0.28.1.tgz}
    engines: {node: '>=18'}
    cpu: [x64]
    os: [netbsd]

  '@esbuild/openbsd-arm64@0.28.1':
    resolution: {integrity: sha1-xSkJNy24uG4sVeBaiUADO1Zgo7I=, tarball: https://ms-feed-25.pkgs.visualstudio.com/1es-public/_packaging/npm-public/npm/registry/@esbuild/openbsd-arm64/-/openbsd-arm64-0.28.1.tgz}
    engines: {node: '>=18'}
    cpu: [arm64]
    os: [openbsd]

  '@esbuild/openbsd-x64@0.28.1':
    resolution: {integrity: sha1-xCe5vlpkwmL/mn63C1+7qt9EbGw=, tarball: https://ms-feed-12.pkgs.visualstudio.com/1es-public/_packaging/npm-public/npm/registry/@esbuild/openbsd-x64/-/openbsd-x64-0.28.1.tgz}
    engines: {node: '>=18'}
    cpu: [x64]
    os: [openbsd]

  '@esbuild/openharmony-arm64@0.28.1':
    resolution: {integrity: sha1-3JsUe6yi5sSzyFVxdB70hgpIkJc=, tarball: https://ms-feed-2.pkgs.visualstudio.com/1es-public/_packaging/npm-public/npm/registry/@esbuild/openharmony-arm64/-/openharmony-arm64-0.28.1.tgz}
    engines: {node: '>=18'}
    cpu: [arm64]
    os: [openharmony]

  '@esbuild/sunos-x64@0.28.1':
    resolution: {integrity: sha1-zoZtEt8TwV5MmfBzo9Rm9uBkmzo=, tarball: https://ms-feed-25.pkgs.visualstudio.com/1es-public/_packaging/npm-public/npm/registry/@esbuild/sunos-x64/-/sunos-x64-0.28.1.tgz}
    engines: {node: '>=18'}
    cpu: [x64]
    os: [sunos]

  '@esbuild/win32-arm64@0.28.1':
    resolution: {integrity: sha1-dGjjaS0B1inVlB5dg4F7uA+eObQ=, tarball: https://ms-feed-2.pkgs.visualstudio.com/1es-public/_packaging/npm-public/npm/registry/@esbuild/win32-arm64/-/win32-arm64-0.28.1.tgz}
    engines: {node: '>=18'}
    cpu: [arm64]
    os: [win32]

  '@esbuild/win32-ia32@0.28.1':
    resolution: {integrity: sha1-pbwAY/sryrbQ7WPyoVN5WLwmnsY=, tarball: https://ms-feed-12.pkgs.visualstudio.com/1es-public/_packaging/npm-public/npm/registry/@esbuild/win32-ia32/-/win32-ia32-0.28.1.tgz}
    engines: {node: '>=18'}
    cpu: [ia32]
    os: [win32]

  '@esbuild/win32-x64@0.28.1':
    resolution: {integrity: sha1-EAZO5E9DR7kMmgK0Rrv4CpFjKxI=, tarball: https://ms-feed-2.pkgs.visualstudio.com/1es-public/_packaging/npm-public/npm/registry/@esbuild/win32-x64/-/win32-x64-0.28.1.tgz}
    engines: {node: '>=18'}
    cpu: [x64]
    os: [win32]

  '@jridgewell/sourcemap-codec@1.5.5':
    resolution: {integrity: sha1-aRKwDSxjHA0Vzhp6tXzWV/Ko+Lo=, tarball: https://ms-feed-12.pkgs.visualstudio.com/1es-public/_packaging/npm-public/npm/registry/@jridgewell/sourcemap-codec/-/sourcemap-codec-1.5.5.tgz}

  '@noble/hashes@2.2.0':
    resolution: {integrity: sha1-ItodFqRplU/Oh3BV1VmQCmxztjs=, tarball: https://ms-feed-12.pkgs.visualstudio.com/1es-public/_packaging/npm-public/npm/registry/@noble/hashes/-/hashes-2.2.0.tgz}
    engines: {node: '>= 20.19.0'}

  '@rollup/rollup-android-arm-eabi@4.62.2':
    resolution: {integrity: sha1-XphJtmHCIpz5Z6CNvi276ejJkeU=, tarball: https://ms-feed-12.pkgs.visualstudio.com/1es-public/_packaging/npm-public/npm/registry/@rollup/rollup-android-arm-eabi/-/rollup-android-arm-eabi-4.62.2.tgz}
    cpu: [arm]
    os: [android]

  '@rollup/rollup-android-arm64@4.62.2':
    resolution: {integrity: sha1-WwaZ7l3UhLIiye10r/Q8keqLF/g=, tarball: https://ms-feed-12.pkgs.visualstudio.com/1es-public/_packaging/npm-public/npm/registry/@rollup/rollup-android-arm64/-/rollup-android-arm64-4.62.2.tgz}
    cpu: [arm64]
    os: [android]

  '@rollup/rollup-darwin-arm64@4.62.2':
    resolution: {integrity: sha1-i8UsnXo86NBTPDUanJNd54HaoG8=, tarball: https://ms-feed-25.pkgs.visualstudio.com/1es-public/_packaging/npm-public/npm/registry/@rollup/rollup-darwin-arm64/-/rollup-darwin-arm64-4.62.2.tgz}
    cpu: [arm64]
    os: [darwin]

  '@rollup/rollup-darwin-x64@4.62.2':
    resolution: {integrity: sha1-ui7z6PsxDwrzVYjycM+lqpbkh2Q=, tarball: https://ms-feed-25.pkgs.visualstudio.com/1es-public/_packaging/npm-public/npm/registry/@rollup/rollup-darwin-x64/-/rollup-darwin-x64-4.62.2.tgz}
    cpu: [x64]
    os: [darwin]

  '@rollup/rollup-freebsd-arm64@4.62.2':
    resolution: {integrity: sha1-k7EL2/6K2iJri8DALva39URHTZY=, tarball: https://ms-feed-2.pkgs.visualstudio.com/1es-public/_packaging/npm-public/npm/registry/@rollup/rollup-freebsd-arm64/-/rollup-freebsd-arm64-4.62.2.tgz}
    cpu: [arm64]
    os: [freebsd]

  '@rollup/rollup-freebsd-x64@4.62.2':
    resolution: {integrity: sha1-PoqjjvPJwwCUaHHj/bsMMOCiD4Y=, tarball: https://ms-feed-25.pkgs.visualstudio.com/1es-public/_packaging/npm-public/npm/registry/@rollup/rollup-freebsd-x64/-/rollup-freebsd-x64-4.62.2.tgz}
    cpu: [x64]
    os: [freebsd]

  '@rollup/rollup-linux-arm-gnueabihf@4.62.2':
    resolution: {integrity: sha1-HXmUOEuwrRvEGSG1BuFkLU+df8M=, tarball: https://ms-feed-12.pkgs.visualstudio.com/1es-public/_packaging/npm-public/npm/registry/@rollup/rollup-linux-arm-gnueabihf/-/rollup-linux-arm-gnueabihf-4.62.2.tgz}
    cpu: [arm]
    os: [linux]
    libc: [glibc]

  '@rollup/rollup-linux-arm-musleabihf@4.62.2':
    resolution: {integrity: sha1-plQPR8+ESla4DKn/ldKs37LO+Xs=, tarball: https://ms-feed-2.pkgs.visualstudio.com/1es-public/_packaging/npm-public/npm/registry/@rollup/rollup-linux-arm-musleabihf/-/rollup-linux-arm-musleabihf-4.62.2.tgz}
    cpu: [arm]
    os: [linux]
    libc: [musl]

  '@rollup/rollup-linux-arm64-gnu@4.62.2':
    resolution: {integrity: sha1-QE8gRWUYQMv0jakbptD0kPC8LL8=, tarball: https://ms-feed-2.pkgs.visualstudio.com/1es-public/_packaging/npm-public/npm/registry/@rollup/rollup-linux-arm64-gnu/-/rollup-linux-arm64-gnu-4.62.2.tgz}
    cpu: [arm64]
    os: [linux]
    libc: [glibc]

  '@rollup/rollup-linux-arm64-musl@4.62.2':
    resolution: {integrity: sha1-o0BP/d97R0tIyZuciTtiR7t2W6U=, tarball: https://ms-feed-12.pkgs.visualstudio.com/1es-public/_packaging/npm-public/npm/registry/@rollup/rollup-linux-arm64-musl/-/rollup-linux-arm64-musl-4.62.2.tgz}
    cpu: [arm64]
    os: [linux]
    libc: [musl]

  '@rollup/rollup-linux-loong64-gnu@4.62.2':
    resolution: {integrity: sha1-6KrG1Umzd5ReNJiC8Zm3yOt1yjg=, tarball: https://ms-feed-12.pkgs.visualstudio.com/1es-public/_packaging/npm-public/npm/registry/@rollup/rollup-linux-loong64-gnu/-/rollup-linux-loong64-gnu-4.62.2.tgz}
    cpu: [loong64]
    os: [linux]
    libc: [glibc]

  '@rollup/rollup-linux-loong64-musl@4.62.2':
    resolution: {integrity: sha1-bi5E6lAxCzpYIHipFeX+uHnIINQ=, tarball: https://ms-feed-12.pkgs.visualstudio.com/1es-public/_packaging/npm-public/npm/registry/@rollup/rollup-linux-loong64-musl/-/rollup-linux-loong64-musl-4.62.2.tgz}
    cpu: [loong64]
    os: [linux]
    libc: [musl]

  '@rollup/rollup-linux-ppc64-gnu@4.62.2':
    resolution: {integrity: sha1-aJgwLabXegU3zeZLK0xrYGWb0RA=, tarball: https://ms-feed-25.pkgs.visualstudio.com/1es-public/_packaging/npm-public/npm/registry/@rollup/rollup-linux-ppc64-gnu/-/rollup-linux-ppc64-gnu-4.62.2.tgz}
    cpu: [ppc64]
    os: [linux]
    libc: [glibc]

  '@rollup/rollup-linux-ppc64-musl@4.62.2':
    resolution: {integrity: sha1-MzcXyV3Vpmvvj2Pn74qf2EX9GNA=, tarball: https://ms-feed-12.pkgs.visualstudio.com/1es-public/_packaging/npm-public/npm/registry/@rollup/rollup-linux-ppc64-musl/-/rollup-linux-ppc64-musl-4.62.2.tgz}
    cpu: [ppc64]
    os: [linux]
    libc: [musl]

  '@rollup/rollup-linux-riscv64-gnu@4.62.2':
    resolution: {integrity: sha1-gbwGujgDUgBNAfSCbrfNzO+gW60=, tarball: https://ms-feed-12.pkgs.visualstudio.com/1es-public/_packaging/npm-public/npm/registry/@rollup/rollup-linux-riscv64-gnu/-/rollup-linux-riscv64-gnu-4.62.2.tgz}
    cpu: [riscv64]
    os: [linux]
    libc: [glibc]

  '@rollup/rollup-linux-riscv64-musl@4.62.2':
    resolution: {integrity: sha1-lafNOd4hOJrWeIpShOqqc44pykw=, tarball: https://ms-feed-12.pkgs.visualstudio.com/1es-public/_packaging/npm-public/npm/registry/@rollup/rollup-linux-riscv64-musl/-/rollup-linux-riscv64-musl-4.62.2.tgz}
    cpu: [riscv64]
    os: [linux]
    libc: [musl]

  '@rollup/rollup-linux-s390x-gnu@4.62.2':
    resolution: {integrity: sha1-BubbLsG8SLU3THkj74PC6wJLJFI=, tarball: https://ms-feed-12.pkgs.visualstudio.com/1es-public/_packaging/npm-public/npm/registry/@rollup/rollup-linux-s390x-gnu/-/rollup-linux-s390x-gnu-4.62.2.tgz}
    cpu: [s390x]
    os: [linux]
    libc: [glibc]

  '@rollup/rollup-linux-x64-gnu@4.62.2':
    resolution: {integrity: sha1-XcgYmIKF4J6IeQxkYt73JBPfLaM=, tarball: https://ms-feed-2.pkgs.visualstudio.com/1es-public/_packaging/npm-public/npm/registry/@rollup/rollup-linux-x64-gnu/-/rollup-linux-x64-gnu-4.62.2.tgz}
    cpu: [x64]
    os: [linux]
    libc: [glibc]

  '@rollup/rollup-linux-x64-musl@4.62.2':
    resolution: {integrity: sha1-IID0qTNJ6a/TS+b8GjfgH8i/yA8=, tarball: https://ms-feed-12.pkgs.visualstudio.com/1es-public/_packaging/npm-public/npm/registry/@rollup/rollup-linux-x64-musl/-/rollup-linux-x64-musl-4.62.2.tgz}
    cpu: [x64]
    os: [linux]
    libc: [musl]

  '@rollup/rollup-openbsd-x64@4.62.2':
    resolution: {integrity: sha1-IdZKistmIhckuSPlGvUzPfGvBEs=, tarball: https://ms-feed-2.pkgs.visualstudio.com/1es-public/_packaging/npm-public/npm/registry/@rollup/rollup-openbsd-x64/-/rollup-openbsd-x64-4.62.2.tgz}
    cpu: [x64]
    os: [openbsd]

  '@rollup/rollup-openharmony-arm64@4.62.2':
    resolution: {integrity: sha1-jg/NnQIUHjN7TFtc/1dsuadrG6A=, tarball: https://ms-feed-12.pkgs.visualstudio.com/1es-public/_packaging/npm-public/npm/registry/@rollup/rollup-openharmony-arm64/-/rollup-openharmony-arm64-4.62.2.tgz}
    cpu: [arm64]
    os: [openharmony]

  '@rollup/rollup-win32-arm64-msvc@4.62.2':
    resolution: {integrity: sha1-vbTMTv1Y7+gIIDNH8PVGPw6hblI=, tarball: https://ms-feed-25.pkgs.visualstudio.com/1es-public/_packaging/npm-public/npm/registry/@rollup/rollup-win32-arm64-msvc/-/rollup-win32-arm64-msvc-4.62.2.tgz}
    cpu: [arm64]
    os: [win32]

  '@rollup/rollup-win32-ia32-msvc@4.62.2':
    resolution: {integrity: sha1-26695a/STq4O7+kV2QFjLny1mGA=, tarball: https://ms-feed-2.pkgs.visualstudio.com/1es-public/_packaging/npm-public/npm/registry/@rollup/rollup-win32-ia32-msvc/-/rollup-win32-ia32-msvc-4.62.2.tgz}
    cpu: [ia32]
    os: [win32]

  '@rollup/rollup-win32-x64-gnu@4.62.2':
    resolution: {integrity: sha1-hBCehf6l+PE1NJn5ZXj9wqDosTg=, tarball: https://ms-feed-2.pkgs.visualstudio.com/1es-public/_packaging/npm-public/npm/registry/@rollup/rollup-win32-x64-gnu/-/rollup-win32-x64-gnu-4.62.2.tgz}
    cpu: [x64]
    os: [win32]

  '@rollup/rollup-win32-x64-msvc@4.62.2':
    resolution: {integrity: sha1-NnHOP5uSjVwB+Hl5LVwLYK4U1K0=, tarball: https://ms-feed-25.pkgs.visualstudio.com/1es-public/_packaging/npm-public/npm/registry/@rollup/rollup-win32-x64-msvc/-/rollup-win32-x64-msvc-4.62.2.tgz}
    cpu: [x64]
    os: [win32]

  '@types/chai@5.2.3':
    resolution: {integrity: sha1-jpzZ4cNYH6azQaWu1ViOsoW+C0o=, tarball: https://ms-feed-12.pkgs.visualstudio.com/1es-public/_packaging/npm-public/npm/registry/@types/chai/-/chai-5.2.3.tgz}

  '@types/deep-eql@4.0.2':
    resolution: {integrity: sha1-M0MRlx06BxIefrkbaEpgXn7qnL0=, tarball: https://ms-feed-25.pkgs.visualstudio.com/1es-public/_packaging/npm-public/npm/registry/@types/deep-eql/-/deep-eql-4.0.2.tgz}

  '@types/estree@1.0.9':
    resolution: {integrity: sha1-zz8Oh2177hWpOrkluCv1cKOQSiQ=, tarball: https://ms-feed-12.pkgs.visualstudio.com/1es-public/_packaging/npm-public/npm/registry/@types/estree/-/estree-1.0.9.tgz}

  '@types/node@24.13.2':
    resolution: {integrity: sha1-O5soCnBVEoNZ8SXrEGfZoZDzmFQ=, tarball: https://ms-feed-12.pkgs.visualstudio.com/1es-public/_packaging/npm-public/npm/registry/@types/node/-/node-24.13.2.tgz}

  '@vitest/expect@3.2.6':
    resolution: {integrity: sha1-3DpheswfKcEy7WvhVFatt1yUp6Q=, tarball: https://ms-feed-25.pkgs.visualstudio.com/1es-public/_packaging/npm-public/npm/registry/@vitest/expect/-/expect-3.2.6.tgz}

  '@vitest/mocker@3.2.6':
    resolution: {integrity: sha1-/Q8rwqhtgrYBOzRWrWYtBKNVFDQ=, tarball: https://ms-feed-2.pkgs.visualstudio.com/1es-public/_packaging/npm-public/npm/registry/@vitest/mocker/-/mocker-3.2.6.tgz}
    peerDependencies:
      msw: ^2.4.9
      vite: ^5.0.0 || ^6.0.0 || ^7.0.0-0
    peerDependenciesMeta:
      msw:
        optional: true
      vite:
        optional: true

  '@vitest/pretty-format@3.2.6':
    resolution: {integrity: sha1-XRJycAq+MX8kuIAJM3srXNqmi/Y=, tarball: https://ms-feed-12.pkgs.visualstudio.com/1es-public/_packaging/npm-public/npm/registry/@vitest/pretty-format/-/pretty-format-3.2.6.tgz}

  '@vitest/runner@3.2.6':
    resolution: {integrity: sha1-bZ+wR7FDBDGYd4LneaqImBmi6WQ=, tarball: https://ms-feed-12.pkgs.visualstudio.com/1es-public/_packaging/npm-public/npm/registry/@vitest/runner/-/runner-3.2.6.tgz}

  '@vitest/snapshot@3.2.6':
    resolution: {integrity: sha1-Opy1Y4kokCilEel7v9QdkUAE8/U=, tarball: https://ms-feed-2.pkgs.visualstudio.com/1es-public/_packaging/npm-public/npm/registry/@vitest/snapshot/-/snapshot-3.2.6.tgz}

  '@vitest/spy@3.2.6':
    resolution: {integrity: sha1-wlWrhN+SSyjW++xgo3p/aT206kE=, tarball: https://ms-feed-12.pkgs.visualstudio.com/1es-public/_packaging/npm-public/npm/registry/@vitest/spy/-/spy-3.2.6.tgz}

  '@vitest/utils@3.2.6':
    resolution: {integrity: sha1-b60zaOSLeh0FiCfrm0u8ZQo/lAI=, tarball: https://ms-feed-12.pkgs.visualstudio.com/1es-public/_packaging/npm-public/npm/registry/@vitest/utils/-/utils-3.2.6.tgz}

  adm-zip@0.5.18:
    resolution: {integrity: sha1-KDoF8r8eP9MV8PMc3im3puPBYZ0=, tarball: https://ms-feed-25.pkgs.visualstudio.com/1es-public/_packaging/npm-public/npm/registry/adm-zip/-/adm-zip-0.5.18.tgz}
    engines: {node: '>=12.0'}

  assertion-error@2.0.1:
    resolution: {integrity: sha1-9kGhlrM1aQsQcL8AtudZP+wZC/c=, tarball: https://ms-feed-25.pkgs.visualstudio.com/1es-public/_packaging/npm-public/npm/registry/assertion-error/-/assertion-error-2.0.1.tgz}
    engines: {node: '>=12'}

  cac@6.7.14:
    resolution: {integrity: sha1-gE4eb1Bu42PLDjzLsJytXdmHCVk=, tarball: https://ms-feed-25.pkgs.visualstudio.com/1es-public/_packaging/npm-public/npm/registry/cac/-/cac-6.7.14.tgz}
    engines: {node: '>=8'}

  chai@5.3.3:
    resolution: {integrity: sha1-3T2pVeJwkWpL0/Yl9LkZmWrafgY=, tarball: https://ms-feed-12.pkgs.visualstudio.com/1es-public/_packaging/npm-public/npm/registry/chai/-/chai-5.3.3.tgz}
    engines: {node: '>=18'}

  check-error@2.1.3:
    resolution: {integrity: sha1-JCc2ERe3DMqNyJaA6tMrFXAZyvU=, tarball: https://ms-feed-25.pkgs.visualstudio.com/1es-public/_packaging/npm-public/npm/registry/check-error/-/check-error-2.1.3.tgz}
    engines: {node: '>= 16'}

  debug@4.4.3:
    resolution: {integrity: sha1-xq5DLZvZZiWC/OCHCbA4xY6ePWo=, tarball: https://ms-feed-12.pkgs.visualstudio.com/1es-public/_packaging/npm-public/npm/registry/debug/-/debug-4.4.3.tgz}
    engines: {node: '>=6.0'}
    peerDependencies:
      supports-color: '*'
    peerDependenciesMeta:
      supports-color:
        optional: true

  deep-eql@5.0.2:
    resolution: {integrity: sha1-S3VtjXcKklcwCCXVKiws/5nDo0E=, tarball: https://ms-feed-2.pkgs.visualstudio.com/1es-public/_packaging/npm-public/npm/registry/deep-eql/-/deep-eql-5.0.2.tgz}
    engines: {node: '>=6'}

  define-data-property@1.1.4:
    resolution: {integrity: sha1-iU3BQbt9MGCuQ2b2oBB+aPvkjF4=, tarball: https://ms-feed-25.pkgs.visualstudio.com/1es-public/_packaging/npm-public/npm/registry/define-data-property/-/define-data-property-1.1.4.tgz}
    engines: {node: '>= 0.4'}

  define-properties@1.2.1:
    resolution: {integrity: sha1-EHgcxhbrlRqAoDS6/Kpzd/avK2w=, tarball: https://ms-feed-12.pkgs.visualstudio.com/1es-public/_packaging/npm-public/npm/registry/define-properties/-/define-properties-1.2.1.tgz}
    engines: {node: '>= 0.4'}

  es-define-property@1.0.1:
    resolution: {integrity: sha1-mD6y+aZyTpMD9hrd8BHHLgngsPo=, tarball: https://ms-feed-25.pkgs.visualstudio.com/1es-public/_packaging/npm-public/npm/registry/es-define-property/-/es-define-property-1.0.1.tgz}
    engines: {node: '>= 0.4'}

  es-errors@1.3.0:
    resolution: {integrity: sha1-BfdaJdq5jk+x3NXhRywFRtUFfI8=, tarball: https://ms-feed-2.pkgs.visualstudio.com/1es-public/_packaging/npm-public/npm/registry/es-errors/-/es-errors-1.3.0.tgz}
    engines: {node: '>= 0.4'}

  es-module-lexer@1.7.0:
    resolution: {integrity: sha1-kVlgFWGICoXyc0VgqQmbLDHlNyo=, tarball: https://ms-feed-12.pkgs.visualstudio.com/1es-public/_packaging/npm-public/npm/registry/es-module-lexer/-/es-module-lexer-1.7.0.tgz}

  esbuild@0.28.1:
    resolution: {integrity: sha1-70W0Y0ycnZeilq6kEUpfmED5VXg=, tarball: https://ms-feed-12.pkgs.visualstudio.com/1es-public/_packaging/npm-public/npm/registry/esbuild/-/esbuild-0.28.1.tgz}
    engines: {node: '>=18'}
    hasBin: true

  escape-string-regexp@4.0.0:
    resolution: {integrity: sha1-FLqDpdNz49MR5a/KKc9b+tllvzQ=, tarball: https://ms-feed-2.pkgs.visualstudio.com/1es-public/_packaging/npm-public/npm/registry/escape-string-regexp/-/escape-string-regexp-4.0.0.tgz}
    engines: {node: '>=10'}

  estree-walker@3.0.3:
    resolution: {integrity: sha1-Z8PlSexAKkh7T8GT0ZU6UkdSNA0=, tarball: https://ms-feed-2.pkgs.visualstudio.com/1es-public/_packaging/npm-public/npm/registry/estree-walker/-/estree-walker-3.0.3.tgz}

  expect-type@1.4.0:
    resolution: {integrity: sha1-JO338MxppE0AhWe6RZSrlvPDo9Y=, tarball: https://ms-feed-12.pkgs.visualstudio.com/1es-public/_packaging/npm-public/npm/registry/expect-type/-/expect-type-1.4.0.tgz}
    engines: {node: '>=12.0.0'}

  fdir@6.5.0:
    resolution: {integrity: sha1-7Sq5Z6MxreYvGNB32uGSaE1Q01A=, tarball: https://ms-feed-12.pkgs.visualstudio.com/1es-public/_packaging/npm-public/npm/registry/fdir/-/fdir-6.5.0.tgz}
    engines: {node: '>=12.0.0'}
    peerDependencies:
      picomatch: ^3 || ^4
    peerDependenciesMeta:
      picomatch:
        optional: true

  fsevents@2.3.3:
    resolution: {integrity: sha1-ysZAd4XQNnWipeGlMFxpezR9kNY=, tarball: https://ms-feed-25.pkgs.visualstudio.com/1es-public/_packaging/npm-public/npm/registry/fsevents/-/fsevents-2.3.3.tgz}
    engines: {node: ^8.16.0 || ^10.6.0 || >=11.0.0}
    os: [darwin]

  global-agent@4.1.3:
    resolution: {integrity: sha1-MYqKEy/PdsdK2yfeLhRm1+kkESU=, tarball: https://ms-feed-25.pkgs.visualstudio.com/1es-public/_packaging/npm-public/npm/registry/global-agent/-/global-agent-4.1.3.tgz}
    engines: {node: '>=10.0'}

  globalthis@1.0.4:
    resolution: {integrity: sha1-dDDtOpddl7+1m8zkH1yruvplEjY=, tarball: https://ms-feed-12.pkgs.visualstudio.com/1es-public/_packaging/npm-public/npm/registry/globalthis/-/globalthis-1.0.4.tgz}
    engines: {node: '>= 0.4'}

  gopd@1.2.0:
    resolution: {integrity: sha1-ifVrghe9vIgCvSmd9tfxCB1+UaE=, tarball: https://ms-feed-25.pkgs.visualstudio.com/1es-public/_packaging/npm-public/npm/registry/gopd/-/gopd-1.2.0.tgz}
    engines: {node: '>= 0.4'}

  has-property-descriptors@1.0.2:
    resolution: {integrity: sha1-lj7X0HHce/XwhMW/vg0bYiJYaFQ=, tarball: https://ms-feed-2.pkgs.visualstudio.com/1es-public/_packaging/npm-public/npm/registry/has-property-descriptors/-/has-property-descriptors-1.0.2.tgz}

  js-tokens@9.0.1:
    resolution: {integrity: sha1-LsQ5ZGWENSlvZ2GzThBnHC2VJ/Q=, tarball: https://ms-feed-25.pkgs.visualstudio.com/1es-public/_packaging/npm-public/npm/registry/js-tokens/-/js-tokens-9.0.1.tgz}

  loupe@3.2.1:
    resolution: {integrity: sha1-AJXPVtxbepp8CP9bGoeW7IrRfnY=, tarball: https://ms-feed-2.pkgs.visualstudio.com/1es-public/_packaging/npm-public/npm/registry/loupe/-/loupe-3.2.1.tgz}

  magic-string@0.30.21:
    resolution: {integrity: sha1-VnY+wJoPqAkd8nh5/ZTRkHjADZE=, tarball: https://ms-feed-25.pkgs.visualstudio.com/1es-public/_packaging/npm-public/npm/registry/magic-string/-/magic-string-0.30.21.tgz}

  matcher@4.0.0:
    resolution: {integrity: sha1-pCoFoJqu2S4tJB65H92saJRh6lE=, tarball: https://ms-feed-12.pkgs.visualstudio.com/1es-public/_packaging/npm-public/npm/registry/matcher/-/matcher-4.0.0.tgz}
    engines: {node: '>=10'}

  ms@2.1.3:
    resolution: {integrity: sha1-V0yBOM4dK1hh8LRFedut1gxmFbI=, tarball: https://ms-feed-12.pkgs.visualstudio.com/1es-public/_packaging/npm-public/npm/registry/ms/-/ms-2.1.3.tgz}

  nanoid@3.3.15:
    resolution: {integrity: sha1-NsSQ+tjG6GyCTJQN/d6Zm2ntQxY=, tarball: https://ms-feed-2.pkgs.visualstudio.com/1es-public/_packaging/npm-public/npm/registry/nanoid/-/nanoid-3.3.15.tgz}
    engines: {node: ^10 || ^12 || ^13.7 || ^14 || >=15.0.1}
    hasBin: true

  object-keys@1.1.1:
    resolution: {integrity: sha1-HEfyct8nfzsdrwYWd9nILiMixg4=, tarball: https://ms-feed-25.pkgs.visualstudio.com/1es-public/_packaging/npm-public/npm/registry/object-keys/-/object-keys-1.1.1.tgz}
    engines: {node: '>= 0.4'}

  onnxruntime-common@1.27.0:
    resolution: {integrity: sha1-/f8vmrPVCRSKCoyHIaO58oi0Huk=, tarball: https://ms-feed-25.pkgs.visualstudio.com/1es-public/_packaging/npm-public/npm/registry/onnxruntime-common/-/onnxruntime-common-1.27.0.tgz}

  onnxruntime-node@1.27.0:
    resolution: {integrity: sha1-Lflya3hOQsXkfiuKnQ9gVi6EifI=, tarball: https://ms-feed-2.pkgs.visualstudio.com/1es-public/_packaging/npm-public/npm/registry/onnxruntime-node/-/onnxruntime-node-1.27.0.tgz}
    os: [win32, darwin, linux]

  pathe@2.0.3:
    resolution: {integrity: sha1-PsvsVUIWhbcKnahyss/z4cvtFxY=, tarball: https://ms-feed-25.pkgs.visualstudio.com/1es-public/_packaging/npm-public/npm/registry/pathe/-/pathe-2.0.3.tgz}

  pathval@2.0.1:
    resolution: {integrity: sha1-iFXFooma8HLWrAXRHkYEWtDcYF0=, tarball: https://ms-feed-2.pkgs.visualstudio.com/1es-public/_packaging/npm-public/npm/registry/pathval/-/pathval-2.0.1.tgz}
    engines: {node: '>= 14.16'}

  picocolors@1.1.1:
    resolution: {integrity: sha1-PTIa8+q5ObCDyPkpodEs2oHCa2s=, tarball: https://ms-feed-2.pkgs.visualstudio.com/1es-public/_packaging/npm-public/npm/registry/picocolors/-/picocolors-1.1.1.tgz}

  picomatch@4.0.5:
    resolution: {integrity: sha1-UepXoX2G9gX4EDlZX7xA7QalX6s=, tarball: https://ms-feed-2.pkgs.visualstudio.com/1es-public/_packaging/npm-public/npm/registry/picomatch/-/picomatch-4.0.5.tgz}
    engines: {node: '>=12'}

  postcss@8.5.16:
    resolution: {integrity: sha1-EjDOC13zVMJMDqRfmc5faognnSg=, tarball: https://ms-feed-2.pkgs.visualstudio.com/1es-public/_packaging/npm-public/npm/registry/postcss/-/postcss-8.5.16.tgz}
    engines: {node: ^10 || ^12 || >=14}

  rollup@4.62.2:
    resolution: {integrity: sha1-2Q/Ey4EfBxMDyJC3eVlWNPNflUE=, tarball: https://ms-feed-12.pkgs.visualstudio.com/1es-public/_packaging/npm-public/npm/registry/rollup/-/rollup-4.62.2.tgz}
    engines: {node: '>=18.0.0', npm: '>=8.0.0'}
    hasBin: true

  semver@7.8.5:
    resolution: {integrity: sha1-ObZGA33VDBT7RR5+TKxY7YuGP2k=, tarball: https://ms-feed-25.pkgs.visualstudio.com/1es-public/_packaging/npm-public/npm/registry/semver/-/semver-7.8.5.tgz}
    engines: {node: '>=10'}
    hasBin: true

  serialize-error@8.1.0:
    resolution: {integrity: sha1-OgaZcMcS94Y0lC3dUPu8Dq6+L2c=, tarball: https://ms-feed-2.pkgs.visualstudio.com/1es-public/_packaging/npm-public/npm/registry/serialize-error/-/serialize-error-8.1.0.tgz}
    engines: {node: '>=10'}

  siginfo@2.0.0:
    resolution: {integrity: sha1-MudscLeXJOO7Vny51UPrhYzPrzA=, tarball: https://ms-feed-12.pkgs.visualstudio.com/1es-public/_packaging/npm-public/npm/registry/siginfo/-/siginfo-2.0.0.tgz}

  source-map-js@1.2.1:
    resolution: {integrity: sha1-HOVlD93YerwJnto33P8CTCZnrkY=, tarball: https://ms-feed-2.pkgs.visualstudio.com/1es-public/_packaging/npm-public/npm/registry/source-map-js/-/source-map-js-1.2.1.tgz}
    engines: {node: '>=0.10.0'}

  stackback@0.0.2:
    resolution: {integrity: sha1-Gsig2Ug4SNFpXkGLbQMaPDzmjjs=, tarball: https://ms-feed-25.pkgs.visualstudio.com/1es-public/_packaging/npm-public/npm/registry/stackback/-/stackback-0.0.2.tgz}

  std-env@3.10.0:
    resolution: {integrity: sha1-2BCyfjoHMEeyteQANIgfXqb5yDs=, tarball: https://ms-feed-25.pkgs.visualstudio.com/1es-public/_packaging/npm-public/npm/registry/std-env/-/std-env-3.10.0.tgz}

  strip-literal@3.1.0:
    resolution: {integrity: sha1-IiskPdLUnAvNDeiQatvYQXcZYDI=, tarball: https://ms-feed-25.pkgs.visualstudio.com/1es-public/_packaging/npm-public/npm/registry/strip-literal/-/strip-literal-3.1.0.tgz}

  tinybench@2.9.0:
    resolution: {integrity: sha1-EDyfi6bXI3pHq23R3P93JRhjQms=, tarball: https://ms-feed-2.pkgs.visualstudio.com/1es-public/_packaging/npm-public/npm/registry/tinybench/-/tinybench-2.9.0.tgz}

  tinyexec@0.3.2:
    resolution: {integrity: sha1-lBeU5leoXklld5lcbu9m9T9Cs9I=, tarball: https://ms-feed-12.pkgs.visualstudio.com/1es-public/_packaging/npm-public/npm/registry/tinyexec/-/tinyexec-0.3.2.tgz}

  tinyglobby@0.2.17:
    resolution: {integrity: sha1-ViqabJ6ys7Ej05cZ+a9btE/NdjE=, tarball: https://ms-feed-12.pkgs.visualstudio.com/1es-public/_packaging/npm-public/npm/registry/tinyglobby/-/tinyglobby-0.2.17.tgz}
    engines: {node: '>=12.0.0'}

  tinypool@1.1.1:
    resolution: {integrity: sha1-BZ8tBCvTdWf7wBfT1Ca90qJhJZE=, tarball: https://ms-feed-12.pkgs.visualstudio.com/1es-public/_packaging/npm-public/npm/registry/tinypool/-/tinypool-1.1.1.tgz}
    engines: {node: ^18.0.0 || >=20.0.0}

  tinyrainbow@2.0.0:
    resolution: {integrity: sha1-lQmyFiQ2MV6A4+7g/M5EdNJEQpQ=, tarball: https://ms-feed-2.pkgs.visualstudio.com/1es-public/_packaging/npm-public/npm/registry/tinyrainbow/-/tinyrainbow-2.0.0.tgz}
    engines: {node: '>=14.0.0'}

  tinyspy@4.0.4:
    resolution: {integrity: sha1-13oAL7U6iKoUKbQZwckkkuDIH3g=, tarball: https://ms-feed-25.pkgs.visualstudio.com/1es-public/_packaging/npm-public/npm/registry/tinyspy/-/tinyspy-4.0.4.tgz}
    engines: {node: '>=14.0.0'}

  type-fest@0.20.2:
    resolution: {integrity: sha1-G/IH9LKPkVg2ZstfvTJ4hzAc1fQ=, tarball: https://ms-feed-12.pkgs.visualstudio.com/1es-public/_packaging/npm-public/npm/registry/type-fest/-/type-fest-0.20.2.tgz}
    engines: {node: '>=10'}

  typescript@5.9.3:
    resolution: {integrity: sha1-W09Z4VMQqxeiFvXWz1PuR27eZw8=, tarball: https://ms-feed-25.pkgs.visualstudio.com/1es-public/_packaging/npm-public/npm/registry/typescript/-/typescript-5.9.3.tgz}
    engines: {node: '>=14.17'}
    hasBin: true

  undici-types@7.18.2:
    resolution: {integrity: sha1-KTV6iee3ykrvO/D9P9DNc4hCKek=, tarball: https://ms-feed-2.pkgs.visualstudio.com/1es-public/_packaging/npm-public/npm/registry/undici-types/-/undici-types-7.18.2.tgz}

  vite-node@3.2.4:
    resolution: {integrity: sha1-82dtlMSvHnaJjBYsknKLymX3uwc=, tarball: https://ms-feed-12.pkgs.visualstudio.com/1es-public/_packaging/npm-public/npm/registry/vite-node/-/vite-node-3.2.4.tgz}
    engines: {node: ^18.0.0 || ^20.0.0 || >=22.0.0}
    hasBin: true

  vite@7.3.6:
    resolution: {integrity: sha1-BUejleaNN0bppQXx/URp/gm0nMQ=, tarball: https://ms-feed-2.pkgs.visualstudio.com/1es-public/_packaging/npm-public/npm/registry/vite/-/vite-7.3.6.tgz}
    engines: {node: ^20.19.0 || >=22.12.0}
    hasBin: true
    peerDependencies:
      '@types/node': ^20.19.0 || >=22.12.0
      jiti: '>=1.21.0'
      less: ^4.0.0
      lightningcss: ^1.21.0
      sass: ^1.70.0
      sass-embedded: ^1.70.0
      stylus: '>=0.54.8'
      sugarss: ^5.0.0
      terser: ^5.16.0
      tsx: ^4.8.1
      yaml: ^2.4.2
    peerDependenciesMeta:
      '@types/node':
        optional: true
      jiti:
        optional: true
      less:
        optional: true
      lightningcss:
        optional: true
      sass:
        optional: true
      sass-embedded:
        optional: true
      stylus:
        optional: true
      sugarss:
        optional: true
      terser:
        optional: true
      tsx:
        optional: true
      yaml:
        optional: true

  vitest@3.2.6:
    resolution: {integrity: sha1-3kLr+1jhb6uk5aMU/jXhRuA8s0A=, tarball: https://ms-feed-12.pkgs.visualstudio.com/1es-public/_packaging/npm-public/npm/registry/vitest/-/vitest-3.2.6.tgz}
    engines: {node: ^18.0.0 || ^20.0.0 || >=22.0.0}
    hasBin: true
    peerDependencies:
      '@edge-runtime/vm': '*'
      '@types/debug': ^4.1.12
      '@types/node': ^18.0.0 || ^20.0.0 || >=22.0.0
      '@vitest/browser': 3.2.6
      '@vitest/ui': 3.2.6
      happy-dom: '*'
      jsdom: '*'
    peerDependenciesMeta:
      '@edge-runtime/vm':
        optional: true
      '@types/debug':
        optional: true
      '@types/node':
        optional: true
      '@vitest/browser':
        optional: true
      '@vitest/ui':
        optional: true
      happy-dom:
        optional: true
      jsdom:
        optional: true

  why-is-node-running@2.3.0:
    resolution: {integrity: sha1-o/aalxB/SUs83Dvd3Yg6fWXOvwQ=, tarball: https://ms-feed-25.pkgs.visualstudio.com/1es-public/_packaging/npm-public/npm/registry/why-is-node-running/-/why-is-node-running-2.3.0.tgz}
    engines: {node: '>=8'}
    hasBin: true

snapshots:

  '@esbuild/aix-ppc64@0.28.1':
    optional: true

  '@esbuild/android-arm64@0.28.1':
    optional: true

  '@esbuild/android-arm@0.28.1':
    optional: true

  '@esbuild/android-x64@0.28.1':
    optional: true

  '@esbuild/darwin-arm64@0.28.1':
    optional: true

  '@esbuild/darwin-x64@0.28.1':
    optional: true

  '@esbuild/freebsd-arm64@0.28.1':
    optional: true

  '@esbuild/freebsd-x64@0.28.1':
    optional: true

  '@esbuild/linux-arm64@0.28.1':
    optional: true

  '@esbuild/linux-arm@0.28.1':
    optional: true

  '@esbuild/linux-ia32@0.28.1':
    optional: true

  '@esbuild/linux-loong64@0.28.1':
    optional: true

  '@esbuild/linux-mips64el@0.28.1':
    optional: true

  '@esbuild/linux-ppc64@0.28.1':
    optional: true

  '@esbuild/linux-riscv64@0.28.1':
    optional: true

  '@esbuild/linux-s390x@0.28.1':
    optional: true

  '@esbuild/linux-x64@0.28.1':
    optional: true

  '@esbuild/netbsd-arm64@0.28.1':
    optional: true

  '@esbuild/netbsd-x64@0.28.1':
    optional: true

  '@esbuild/openbsd-arm64@0.28.1':
    optional: true

  '@esbuild/openbsd-x64@0.28.1':
    optional: true

  '@esbuild/openharmony-arm64@0.28.1':
    optional: true

  '@esbuild/sunos-x64@0.28.1':
    optional: true

  '@esbuild/win32-arm64@0.28.1':
    optional: true

  '@esbuild/win32-ia32@0.28.1':
    optional: true

  '@esbuild/win32-x64@0.28.1':
    optional: true

  '@jridgewell/sourcemap-codec@1.5.5': {}

  '@noble/hashes@2.2.0': {}

  '@rollup/rollup-android-arm-eabi@4.62.2':
    optional: true

  '@rollup/rollup-android-arm64@4.62.2':
    optional: true

  '@rollup/rollup-darwin-arm64@4.62.2':
    optional: true

  '@rollup/rollup-darwin-x64@4.62.2':
    optional: true

  '@rollup/rollup-freebsd-arm64@4.62.2':
    optional: true

  '@rollup/rollup-freebsd-x64@4.62.2':
    optional: true

  '@rollup/rollup-linux-arm-gnueabihf@4.62.2':
    optional: true

  '@rollup/rollup-linux-arm-musleabihf@4.62.2':
    optional: true

  '@rollup/rollup-linux-arm64-gnu@4.62.2':
    optional: true

  '@rollup/rollup-linux-arm64-musl@4.62.2':
    optional: true

  '@rollup/rollup-linux-loong64-gnu@4.62.2':
    optional: true

  '@rollup/rollup-linux-loong64-musl@4.62.2':
    optional: true

  '@rollup/rollup-linux-ppc64-gnu@4.62.2':
    optional: true

  '@rollup/rollup-linux-ppc64-musl@4.62.2':
    optional: true

  '@rollup/rollup-linux-riscv64-gnu@4.62.2':
    optional: true

  '@rollup/rollup-linux-riscv64-musl@4.62.2':
    optional: true

  '@rollup/rollup-linux-s390x-gnu@4.62.2':
    optional: true

  '@rollup/rollup-linux-x64-gnu@4.62.2':
    optional: true

  '@rollup/rollup-linux-x64-musl@4.62.2':
    optional: true

  '@rollup/rollup-openbsd-x64@4.62.2':
    optional: true

  '@rollup/rollup-openharmony-arm64@4.62.2':
    optional: true

  '@rollup/rollup-win32-arm64-msvc@4.62.2':
    optional: true

  '@rollup/rollup-win32-ia32-msvc@4.62.2':
    optional: true

  '@rollup/rollup-win32-x64-gnu@4.62.2':
    optional: true

  '@rollup/rollup-win32-x64-msvc@4.62.2':
    optional: true

  '@types/chai@5.2.3':
    dependencies:
      '@types/deep-eql': 4.0.2
      assertion-error: 2.0.1

  '@types/deep-eql@4.0.2': {}

  '@types/estree@1.0.9': {}

  '@types/node@24.13.2':
    dependencies:
      undici-types: 7.18.2

  '@vitest/expect@3.2.6':
    dependencies:
      '@types/chai': 5.2.3
      '@vitest/spy': 3.2.6
      '@vitest/utils': 3.2.6
      chai: 5.3.3
      tinyrainbow: 2.0.0

  '@vitest/mocker@3.2.6(vite@7.3.6(@types/node@24.13.2))':
    dependencies:
      '@vitest/spy': 3.2.6
      estree-walker: 3.0.3
      magic-string: 0.30.21
    optionalDependencies:
      vite: 7.3.6(@types/node@24.13.2)

  '@vitest/pretty-format@3.2.6':
    dependencies:
      tinyrainbow: 2.0.0

  '@vitest/runner@3.2.6':
    dependencies:
      '@vitest/utils': 3.2.6
      pathe: 2.0.3
      strip-literal: 3.1.0

  '@vitest/snapshot@3.2.6':
    dependencies:
      '@vitest/pretty-format': 3.2.6
      magic-string: 0.30.21
      pathe: 2.0.3

  '@vitest/spy@3.2.6':
    dependencies:
      tinyspy: 4.0.4

  '@vitest/utils@3.2.6':
    dependencies:
      '@vitest/pretty-format': 3.2.6
      loupe: 3.2.1
      tinyrainbow: 2.0.0

  adm-zip@0.5.18: {}

  assertion-error@2.0.1: {}

  cac@6.7.14: {}

  chai@5.3.3:
    dependencies:
      assertion-error: 2.0.1
      check-error: 2.1.3
      deep-eql: 5.0.2
      loupe: 3.2.1
      pathval: 2.0.1

  check-error@2.1.3: {}

  debug@4.4.3:
    dependencies:
      ms: 2.1.3

  deep-eql@5.0.2: {}

  define-data-property@1.1.4:
    dependencies:
      es-define-property: 1.0.1
      es-errors: 1.3.0
      gopd: 1.2.0

  define-properties@1.2.1:
    dependencies:
      define-data-property: 1.1.4
      has-property-descriptors: 1.0.2
      object-keys: 1.1.1

  es-define-property@1.0.1: {}

  es-errors@1.3.0: {}

  es-module-lexer@1.7.0: {}

  esbuild@0.28.1:
    optionalDependencies:
      '@esbuild/aix-ppc64': 0.28.1
      '@esbuild/android-arm': 0.28.1
      '@esbuild/android-arm64': 0.28.1
      '@esbuild/android-x64': 0.28.1
      '@esbuild/darwin-arm64': 0.28.1
      '@esbuild/darwin-x64': 0.28.1
      '@esbuild/freebsd-arm64': 0.28.1
      '@esbuild/freebsd-x64': 0.28.1
      '@esbuild/linux-arm': 0.28.1
      '@esbuild/linux-arm64': 0.28.1
      '@esbuild/linux-ia32': 0.28.1
      '@esbuild/linux-loong64': 0.28.1
      '@esbuild/linux-mips64el': 0.28.1
      '@esbuild/linux-ppc64': 0.28.1
      '@esbuild/linux-riscv64': 0.28.1
      '@esbuild/linux-s390x': 0.28.1
      '@esbuild/linux-x64': 0.28.1
      '@esbuild/netbsd-arm64': 0.28.1
      '@esbuild/netbsd-x64': 0.28.1
      '@esbuild/openbsd-arm64': 0.28.1
      '@esbuild/openbsd-x64': 0.28.1
      '@esbuild/openharmony-arm64': 0.28.1
      '@esbuild/sunos-x64': 0.28.1
      '@esbuild/win32-arm64': 0.28.1
      '@esbuild/win32-ia32': 0.28.1
      '@esbuild/win32-x64': 0.28.1

  escape-string-regexp@4.0.0: {}

  estree-walker@3.0.3:
    dependencies:
      '@types/estree': 1.0.9

  expect-type@1.4.0: {}

  fdir@6.5.0(picomatch@4.0.5):
    optionalDependencies:
      picomatch: 4.0.5

  fsevents@2.3.3:
    optional: true

  global-agent@4.1.3:
    dependencies:
      globalthis: 1.0.4
      matcher: 4.0.0
      semver: 7.8.5
      serialize-error: 8.1.0

  globalthis@1.0.4:
    dependencies:
      define-properties: 1.2.1
      gopd: 1.2.0

  gopd@1.2.0: {}

  has-property-descriptors@1.0.2:
    dependencies:
      es-define-property: 1.0.1

  js-tokens@9.0.1: {}

  loupe@3.2.1: {}

  magic-string@0.30.21:
    dependencies:
      '@jridgewell/sourcemap-codec': 1.5.5

  matcher@4.0.0:
    dependencies:
      escape-string-regexp: 4.0.0

  ms@2.1.3: {}

  nanoid@3.3.15: {}

  object-keys@1.1.1: {}

  onnxruntime-common@1.27.0: {}

  onnxruntime-node@1.27.0:
    dependencies:
      adm-zip: 0.5.18
      global-agent: 4.1.3
      onnxruntime-common: 1.27.0

  pathe@2.0.3: {}

  pathval@2.0.1: {}

  picocolors@1.1.1: {}

  picomatch@4.0.5: {}

  postcss@8.5.16:
    dependencies:
      nanoid: 3.3.15
      picocolors: 1.1.1
      source-map-js: 1.2.1

  rollup@4.62.2:
    dependencies:
      '@types/estree': 1.0.9
    optionalDependencies:
      '@rollup/rollup-android-arm-eabi': 4.62.2
      '@rollup/rollup-android-arm64': 4.62.2
      '@rollup/rollup-darwin-arm64': 4.62.2
      '@rollup/rollup-darwin-x64': 4.62.2
      '@rollup/rollup-freebsd-arm64': 4.62.2
      '@rollup/rollup-freebsd-x64': 4.62.2
      '@rollup/rollup-linux-arm-gnueabihf': 4.62.2
      '@rollup/rollup-linux-arm-musleabihf': 4.62.2
      '@rollup/rollup-linux-arm64-gnu': 4.62.2
      '@rollup/rollup-linux-arm64-musl': 4.62.2
      '@rollup/rollup-linux-loong64-gnu': 4.62.2
      '@rollup/rollup-linux-loong64-musl': 4.62.2
      '@rollup/rollup-linux-ppc64-gnu': 4.62.2
      '@rollup/rollup-linux-ppc64-musl': 4.62.2
      '@rollup/rollup-linux-riscv64-gnu': 4.62.2
      '@rollup/rollup-linux-riscv64-musl': 4.62.2
      '@rollup/rollup-linux-s390x-gnu': 4.62.2
      '@rollup/rollup-linux-x64-gnu': 4.62.2
      '@rollup/rollup-linux-x64-musl': 4.62.2
      '@rollup/rollup-openbsd-x64': 4.62.2
      '@rollup/rollup-openharmony-arm64': 4.62.2
      '@rollup/rollup-win32-arm64-msvc': 4.62.2
      '@rollup/rollup-win32-ia32-msvc': 4.62.2
      '@rollup/rollup-win32-x64-gnu': 4.62.2
      '@rollup/rollup-win32-x64-msvc': 4.62.2
      fsevents: 2.3.3

  semver@7.8.5: {}

  serialize-error@8.1.0:
    dependencies:
      type-fest: 0.20.2

  siginfo@2.0.0: {}

  source-map-js@1.2.1: {}

  stackback@0.0.2: {}

  std-env@3.10.0: {}

  strip-literal@3.1.0:
    dependencies:
      js-tokens: 9.0.1

  tinybench@2.9.0: {}

  tinyexec@0.3.2: {}

  tinyglobby@0.2.17:
    dependencies:
      fdir: 6.5.0(picomatch@4.0.5)
      picomatch: 4.0.5

  tinypool@1.1.1: {}

  tinyrainbow@2.0.0: {}

  tinyspy@4.0.4: {}

  type-fest@0.20.2: {}

  typescript@5.9.3: {}

  undici-types@7.18.2: {}

  vite-node@3.2.4(@types/node@24.13.2):
    dependencies:
      cac: 6.7.14
      debug: 4.4.3
      es-module-lexer: 1.7.0
      pathe: 2.0.3
      vite: 7.3.6(@types/node@24.13.2)
    transitivePeerDependencies:
      - '@types/node'
      - jiti
      - less
      - lightningcss
      - sass
      - sass-embedded
      - stylus
      - sugarss
      - supports-color
      - terser
      - tsx
      - yaml

  vite@7.3.6(@types/node@24.13.2):
    dependencies:
      esbuild: 0.28.1
      fdir: 6.5.0(picomatch@4.0.5)
      picomatch: 4.0.5
      postcss: 8.5.16
      rollup: 4.62.2
      tinyglobby: 0.2.17
    optionalDependencies:
      '@types/node': 24.13.2
      fsevents: 2.3.3

  vitest@3.2.6(@types/node@24.13.2):
    dependencies:
      '@types/chai': 5.2.3
      '@vitest/expect': 3.2.6
      '@vitest/mocker': 3.2.6(vite@7.3.6(@types/node@24.13.2))
      '@vitest/pretty-format': 3.2.6
      '@vitest/runner': 3.2.6
      '@vitest/snapshot': 3.2.6
      '@vitest/spy': 3.2.6
      '@vitest/utils': 3.2.6
      chai: 5.3.3
      debug: 4.4.3
      expect-type: 1.4.0
      magic-string: 0.30.21
      pathe: 2.0.3
      picomatch: 4.0.5
      std-env: 3.10.0
      tinybench: 2.9.0
      tinyexec: 0.3.2
      tinyglobby: 0.2.17
      tinypool: 1.1.1
      tinyrainbow: 2.0.0
      vite: 7.3.6(@types/node@24.13.2)
      vite-node: 3.2.4(@types/node@24.13.2)
      why-is-node-running: 2.3.0
    optionalDependencies:
      '@types/node': 24.13.2
    transitivePeerDependencies:
      - jiti
      - less
      - lightningcss
      - msw
      - sass
      - sass-embedded
      - stylus
      - sugarss
      - supports-color
      - terser
      - tsx
      - yaml

  why-is-node-running@2.3.0:
    dependencies:
      siginfo: 2.0.0
      stackback: 0.0.2
